<?xml version="1.0" encoding="utf-8"?>
<Project ToolsVersion="4.0" xmlns="http://schemas.microsoft.com/developer/msbuild/2003">
  <ItemGroup>
    <Filter Include="Source Files">
      <UniqueIdentifier>{4FC737F1-C7A5-4376-A066-2A32D752A2FF}</UniqueIdentifier>
      <Extensions>cpp;c;cc;cxx;def;odl;idl;hpj;bat;asm;asmx</Extensions>
    </Filter>
    <Filter Include="Header Files">
      <UniqueIdentifier>{93995380-89BD-4b04-88EB-625FBE52EBFB}</UniqueIdentifier>
      <Extensions>h;hh;hpp;hxx;hm;inl;inc;xsd</Extensions>
    </Filter>
    <Filter Include="Resource Files">
      <UniqueIdentifier>{67DA6AB6-F800-4c08-8B7A-83BB121AAD01}</UniqueIdentifier>
      <Extensions>rc;ico;cur;bmp;dlg;rc2;rct;bin;rgs;gif;jpg;jpeg;jpe;resx;tiff;tif;png;wav;mfcribbon-ms</Extensions>
    </Filter>
    <Filter Include="Maps">
      <UniqueIdentifier>{84c278de-f3de-4ac6-a746-fc901ae4c69e}</UniqueIdentifier>
    </Filter>
    <Filter Include="MapView">
      <UniqueIdentifier>{9cef4a27-974c-4792-85b2-11040f38fbe2}</UniqueIdentifier>
    </Filter>
    <Filter Include="MyObservable">
      <UniqueIdentifier>{e833830e-2fe9-48c9-9f37-9b16c0e39c89}</UniqueIdentifier>
    </Filter>
    <Filter Include="Player">
      <UniqueIdentifier>{1f7fd609-a630-4e60-8df8-90d125780130}</UniqueIdentifier>
    </Filter>
    <Filter Include="PlayerView">
      <UniqueIdentifier>{2c91788c-3973-4b8e-a35f-d046d6d4d832}</UniqueIdentifier>
    </Filter>
    <Filter Include="Reader">
      <UniqueIdentifier>{53e8fddc-c846-4859-856b-c8fd315d294e}</UniqueIdentifier>
    </Filter>
    <Filter Include="Writer">
      <UniqueIdentifier>{6f5a4f74-218f-4138-9d1b-39ed39f14404}</UniqueIdentifier>
    </Filter>
    <Filter Include="World">
      <UniqueIdentifier>{1f0e50c4-2fe3-4a73-b481-22001344161e}</UniqueIdentifier>
    </Filter>
    <Filter Include="SaveLoad">
      <UniqueIdentifier>{ce37ad09-4712-47f7-a25a-f06936c1675c}</UniqueIdentifier>
    </Filter>
    <Filter Include="Strategy">
      <UniqueIdentifier>{dd56190c-be08-4d97-9616-f228df45ec28}</UniqueIdentifier>
    </Filter>
  </ItemGroup>
  <ItemGroup>
    <Text Include="MapRessourceFiles\World.txt">
      <Filter>Maps</Filter>
    </Text>
    <Text Include="MapRessourceFiles\AnotherWholeNewWorld.txt">
      <Filter>Maps</Filter>
    </Text>
    <Text Include="README.txt">
      <Filter>Maps</Filter>
    </Text>
  </ItemGroup>
  <ItemGroup>
    <ClInclude Include="Exception.h">
      <Filter>Header Files</Filter>
    </ClInclude>
    <ClInclude Include="MapView\MapView.h">
      <Filter>MapView</Filter>
    </ClInclude>
    <ClInclude Include="MyObservable\MyObserver.h">
      <Filter>MyObservable</Filter>
    </ClInclude>
    <ClInclude Include="MyObservable\MyObservable.h">
      <Filter>MyObservable</Filter>
    </ClInclude>
    <ClInclude Include="Player\Player.h">
      <Filter>Player</Filter>
    </ClInclude>
    <ClInclude Include="PlayerView\PlayerView.h">
      <Filter>PlayerView</Filter>
    </ClInclude>
    <ClInclude Include="Reader\Reader.h">
      <Filter>Reader</Filter>
    </ClInclude>
    <ClInclude Include="Writer\Writer.h">
      <Filter>Writer</Filter>
    </ClInclude>
    <ClInclude Include="World\Continent.h">
      <Filter>World</Filter>
    </ClInclude>
    <ClInclude Include="World\Country.h">
      <Filter>World</Filter>
    </ClInclude>
    <ClInclude Include="World\World.h">
      <Filter>World</Filter>
    </ClInclude>
    <ClInclude Include="SaveLoad\GameSaveAndLoad.h">
      <Filter>SaveLoad</Filter>
    </ClInclude>
    <ClInclude Include="SaveLoad\GameSaveInstance.h">
      <Filter>SaveLoad</Filter>
    </ClInclude>
    <ClInclude Include="SaveLoad\RegularLoadGameBuilder.h">
      <Filter>SaveLoad</Filter>
    </ClInclude>
    <ClInclude Include="SaveLoad\RegularSaveGameBuilder.h">
      <Filter>SaveLoad</Filter>
    </ClInclude>
    <ClInclude Include="SaveLoad\SaveLoadBuilder.h">
      <Filter>SaveLoad</Filter>
    </ClInclude>
    <ClInclude Include="GameLog\GameLog.h">
      <Filter>Header Files</Filter>
    </ClInclude>
    <ClInclude Include="GameLogView\GameLogView.h">
      <Filter>Header Files</Filter>
    </ClInclude>
    <ClInclude Include="GameLog\GameLogDecorator.h">
      <Filter>Header Files</Filter>
    </ClInclude>
    <ClInclude Include="GameLog\PhaseGameLog.h">
      <Filter>Header Files</Filter>
    </ClInclude>
    <ClInclude Include="GameLog\PlayerGameLog.h">
      <Filter>Header Files</Filter>
    </ClInclude>
    <ClInclude Include="GameLog\SimpleGameLog.h">
      <Filter>Header Files</Filter>
    </ClInclude>
    <ClInclude Include="Strategy\Strategy.h">
      <Filter>Strategy</Filter>
    </ClInclude>
    <ClInclude Include="Strategy\Deff.h">
      <Filter>Strategy</Filter>
    </ClInclude>
    <ClInclude Include="Strategy\Aggro.h">
      <Filter>Strategy</Filter>
    </ClInclude>
    <ClInclude Include="Strategy\RandomStrat.h">
      <Filter>Strategy</Filter>
    </ClInclude>
  </ItemGroup>
  <ItemGroup>
    <ClCompile Include="Main.cpp">
      <Filter>Source Files</Filter>
    </ClCompile>
    <ClCompile Include="MapView\MapView.cpp">
      <Filter>MapView</Filter>
    </ClCompile>
    <ClCompile Include="MyObservable\MyObservable.cpp">
      <Filter>MyObservable</Filter>
    </ClCompile>
    <ClCompile Include="Player\Player.cpp">
      <Filter>Player</Filter>
    </ClCompile>
    <ClCompile Include="PlayerView\PlayerView.cpp">
      <Filter>PlayerView</Filter>
    </ClCompile>
    <ClCompile Include="Reader\Reader.cpp">
      <Filter>Reader</Filter>
    </ClCompile>
    <ClCompile Include="Writer\Writer.cpp">
      <Filter>Writer</Filter>
    </ClCompile>
    <ClCompile Include="World\World.cpp">
      <Filter>World</Filter>
    </ClCompile>
    <ClCompile Include="World\Country.cpp">
      <Filter>World</Filter>
    </ClCompile>
    <ClCompile Include="World\Continent.cpp">
      <Filter>World</Filter>
    </ClCompile>
    <ClCompile Include="SaveLoad\GameSaveAndLoad.cpp">
      <Filter>SaveLoad</Filter>
    </ClCompile>
    <ClCompile Include="SaveLoad\GameSaveInstance.cpp">
      <Filter>SaveLoad</Filter>
    </ClCompile>
    <ClCompile Include="SaveLoad\RegularLoadGameBuilder.cpp">
      <Filter>SaveLoad</Filter>
    </ClCompile>
    <ClCompile Include="SaveLoad\RegularSaveGameBuilder.cpp">
      <Filter>SaveLoad</Filter>
    </ClCompile>
    <ClCompile Include="GameLogView\GameLogView.cpp">
      <Filter>Source Files</Filter>
    </ClCompile>
    <ClCompile Include="Strategy\Aggro.cpp">
      <Filter>Strategy</Filter>
    </ClCompile>
    <ClCompile Include="Strategy\Deff.cpp">
      <Filter>Strategy</Filter>
    </ClCompile>
    <ClCompile Include="Strategy\RandomStrat.cpp">
      <Filter>Strategy</Filter>
    </ClCompile>
  </ItemGroup>
  <ItemGroup>
    <None Include="MapRessourceFiles\americas.map">
      <Filter>Maps</Filter>
    </None>
    <None Include="MapRessourceFiles\mainmap.map">
      <Filter>Maps</Filter>
    </None>
    <None Include="MapRessourceFiles\reek.map">
      <Filter>Maps</Filter>
    </None>
    <None Include="MapRessourceFiles\test.map">
      <Filter>Maps</Filter>
    </None>
  </ItemGroup>
</Project>