<?xml version="1.0" encoding="utf-8"?>
<Project ToolsVersion="4.0" xmlns="http://schemas.microsoft.com/developer/msbuild/2003">
  <ItemGroup>
    <Filter Include="Source Files">
      <UniqueIdentifier>{4FC737F1-C7A5-4376-A066-2A32D752A2FF}</UniqueIdentifier>
      <Extensions>cpp;c;cc;cxx;def;odl;idl;hpj;bat;asm;asmx</Extensions>
    </Filter>
    <Filter Include="Header Files">
      <UniqueIdentifier>{93995380-89BD-4b04-88EB-625FBE52EBFB}</UniqueIdentifier>
      <Extensions>h;hh;hpp;hxx;hm;inl;inc;xsd</Extensions>
    </Filter>
    <Filter Include="Resource Files">
      <UniqueIdentifier>{67DA6AB6-F800-4c08-8B7A-83BB121AAD01}</UniqueIdentifier>
      <Extensions>rc;ico;cur;bmp;dlg;rc2;rct;bin;rgs;gif;jpg;jpeg;jpe;resx;tiff;tif;png;wav;mfcribbon-ms</Extensions>
    </Filter>
    <Filter Include="Maps">
      <UniqueIdentifier>{84c278de-f3de-4ac6-a746-fc901ae4c69e}</UniqueIdentifier>
    </Filter>
  </ItemGroup>
  <ItemGroup>
    <Text Include="MapRessourceFiles\World.txt">
      <Filter>Maps</Filter>
    </Text>
    <Text Include="MapRessourceFiles\AnotherWholeNewWorld.txt">
      <Filter>Maps</Filter>
    </Text>
    <Text Include="README.txt">
      <Filter>Maps</Filter>
    </Text>
  </ItemGroup>
  <ItemGroup>
    <ClInclude Include="Exception.h">
      <Filter>Header Files</Filter>
    </ClInclude>
    <ClInclude Include="Reader\Reader.h">
      <Filter>Header Files</Filter>
    </ClInclude>
    <ClInclude Include="World\Continent.h">
      <Filter>Header Files</Filter>
    </ClInclude>
    <ClInclude Include="World\Country.h">
      <Filter>Header Files</Filter>
    </ClInclude>
    <ClInclude Include="World\World.h">
      <Filter>Header Files</Filter>
    </ClInclude>
    <ClInclude Include="Writer\Writer.h">
      <Filter>Header Files</Filter>
    </ClInclude>
    <ClInclude Include="MapView\MapView.h">
      <Filter>Header Files</Filter>
    </ClInclude>
    <ClInclude Include="MyObservable\MyObservable.h">
      <Filter>Header Files</Filter>
    </ClInclude>
    <ClInclude Include="MyObservable\MyObserver.h">
      <Filter>Header Files</Filter>
    </ClInclude>
    <ClInclude Include="Player\Player.h">
      <Filter>Header Files</Filter>
    </ClInclude>
    <ClInclude Include="PlayerView\PlayerView.h">
      <Filter>Header Files</Filter>
    </ClInclude>
    <ClInclude Include="GameLog\GameLog.h">
      <Filter>Header Files</Filter>
    </ClInclude>
    <ClInclude Include="GameLogView\GameLogView.h">
      <Filter>Header Files</Filter>
    </ClInclude>
    <ClInclude Include="GameLog\GameLogDecorator.h">
      <Filter>Header Files</Filter>
    </ClInclude>
    <ClInclude Include="GameLog\PhaseGameLog.h">
      <Filter>Header Files</Filter>
    </ClInclude>
    <ClInclude Include="GameLog\PlayerGameLog.h">
      <Filter>Header Files</Filter>
    </ClInclude>
    <ClInclude Include="GameLog\SimpleGameLog.h">
      <Filter>Header Files</Filter>
    </ClInclude>
  </ItemGroup>
  <ItemGroup>
    <ClCompile Include="Main.cpp">
      <Filter>Source Files</Filter>
    </ClCompile>
    <ClCompile Include="MapView\MapView.cpp">
      <Filter>Source Files</Filter>
    </ClCompile>
    <ClCompile Include="MyObservable\MyObservable.cpp">
      <Filter>Source Files</Filter>
    </ClCompile>
    <ClCompile Include="Player\Player.cpp">
      <Filter>Source Files</Filter>
    </ClCompile>
    <ClCompile Include="PlayerView\PlayerView.cpp">
      <Filter>Source Files</Filter>
    </ClCompile>
    <ClCompile Include="Reader\Reader.cpp">
      <Filter>Source Files</Filter>
    </ClCompile>
    <ClCompile Include="World\World.cpp">
      <Filter>Source Files</Filter>
    </ClCompile>
    <ClCompile Include="Writer\Writer.cpp">
      <Filter>Source Files</Filter>
    </ClCompile>
    <ClCompile Include="World\Continent.cpp">
      <Filter>Source Files</Filter>
    </ClCompile>
    <ClCompile Include="World\Country.cpp">
      <Filter>Source Files</Filter>
    </ClCompile>
    <ClCompile Include="GameLogView\GameLogView.cpp">
      <Filter>Source Files</Filter>
    </ClCompile>
  </ItemGroup>
  <ItemGroup>
    <None Include="MapRessourceFiles\americas.map">
      <Filter>Maps</Filter>
    </None>
    <None Include="MapRessourceFiles\mainmap.map">
      <Filter>Maps</Filter>
    </None>
    <None Include="MapRessourceFiles\reek.map">
      <Filter>Maps</Filter>
    </None>
    <None Include="MapRessourceFiles\test.map">
      <Filter>Maps</Filter>
    </None>
  </ItemGroup>
</Project>